
Microsoft Visual Studio Solution File, Format Version 12.00
# Visual Studio Version 16
VisualStudioVersion = 16.0.32802.440
MinimumVisualStudioVersion = 10.0.40219.1
Project("{FAE04EC0-301F-11D3-BF4B-00C04F79EFBC}") = "GestionLocation", "GestionLocation\GestionLocation.csproj", "{412105C9-7A4D-4F2B-BD04-794463E363F0}"
EndProject
Project("{FAE04EC0-301F-11D3-BF4B-00C04F79EFBC}") = "DAO", "DAO\DAO.csproj", "{7B4B8FE3-EA11-489E-8022-31518EC629FF}"
EndProject
Project("{FAE04EC0-301F-11D3-BF4B-00C04F79EFBC}") = "metiers", "metiers\metiers.csproj", "{6A08074A-E984-4D66-ADFC-76C621189523}"
EndProject
Global
	GlobalSection(SolutionConfigurationPlatforms) = preSolution
		Debug|Any CPU = Debug|Any CPU
		Release|Any CPU = Release|Any CPU
	EndGlobalSection
	GlobalSection(ProjectConfigurationPlatforms) = postSolution
		{412105C9-7A4D-4F2B-BD04-794463E363F0}.Debug|Any CPU.ActiveCfg = Debug|Any CPU
		{412105C9-7A4D-4F2B-BD04-794463E363F0}.Debug|Any CPU.Build.0 = Debug|Any CPU
		{412105C9-7A4D-4F2B-BD04-794463E363F0}.Release|Any CPU.ActiveCfg = Release|Any CPU
		{412105C9-7A4D-4F2B-BD04-794463E363F0}.Release|Any CPU.Build.0 = Release|Any CPU
		{7B4B8FE3-EA11-489E-8022-31518EC629FF}.Debug|Any CPU.ActiveCfg = Debug|Any CPU
		{7B4B8FE3-EA11-489E-8022-31518EC629FF}.Debug|Any CPU.Build.0 = Debug|Any CPU
		{7B4B8FE3-EA11-489E-8022-31518EC629FF}.Release|Any CPU.ActiveCfg = Release|Any CPU
		{7B4B8FE3-EA11-489E-8022-31518EC629FF}.Release|Any CPU.Build.0 = Release|Any CPU
		{6A08074A-E984-4D66-ADFC-76C621189523}.Debug|Any CPU.ActiveCfg = Debug|Any CPU
		{6A08074A-E984-4D66-ADFC-76C621189523}.Debug|Any CPU.Build.0 = Debug|Any CPU
		{6A08074A-E984-4D66-ADFC-76C621189523}.Release|Any CPU.ActiveCfg = Release|Any CPU
		{6A08074A-E984-4D66-ADFC-76C621189523}.Release|Any CPU.Build.0 = Release|Any CPU
	EndGlobalSection
	GlobalSection(SolutionProperties) = preSolution
		HideSolutionNode = FALSE
	EndGlobalSection
	GlobalSection(ExtensibilityGlobals) = postSolution
		SolutionGuid = {AEF97F2E-D0B8-42A0-9C6A-1C34467D5BC6}
	EndGlobalSection
EndGlobal
